// !$*UTF8*$!
{
	archiveVersion = 1;
	classes = {
	};
	objectVersion = 46;
	objects = {

/* Begin PBXBuildFile section */
		93BDA84E1AAB736600BAED02 /* AppDelegate.swift in Sources */ = {isa = PBXBuildFile; fileRef = 93BDA84D1AAB736600BAED02 /* AppDelegate.swift */; };
		93BDA8501AAB736600BAED02 /* ViewController.swift in Sources */ = {isa = PBXBuildFile; fileRef = 93BDA84F1AAB736600BAED02 /* ViewController.swift */; };
		93BDA8531AAB736600BAED02 /* Main.storyboard in Resources */ = {isa = PBXBuildFile; fileRef = 93BDA8511AAB736600BAED02 /* Main.storyboard */; };
		93BDA8551AAB736600BAED02 /* Images.xcassets in Resources */ = {isa = PBXBuildFile; fileRef = 93BDA8541AAB736600BAED02 /* Images.xcassets */; };
		93BDA8581AAB736600BAED02 /* LaunchScreen.xib in Resources */ = {isa = PBXBuildFile; fileRef = 93BDA8561AAB736600BAED02 /* LaunchScreen.xib */; };
		93BDA8781AAB73F000BAED02 /* PagedArray.framework in Frameworks */ = {isa = PBXBuildFile; fileRef = 93BDA8731AAB73DC00BAED02 /* PagedArray.framework */; };
/* End PBXBuildFile section */

/* Begin PBXContainerItemProxy section */
		9337ED3D1EE73E6700A15DCB /* PBXContainerItemProxy */ = {
			isa = PBXContainerItemProxy;
			containerPortal = 93BDA86D1AAB73DC00BAED02 /* PagedArray.xcodeproj */;
			proxyType = 2;
			remoteGlobalIDString = 930964401D7C37CD00EBA9BE;
			remoteInfo = "PagedArray-tvOS";
		};
		9337ED3F1EE73E6700A15DCB /* PBXContainerItemProxy */ = {
			isa = PBXContainerItemProxy;
			containerPortal = 93BDA86D1AAB73DC00BAED02 /* PagedArray.xcodeproj */;
			proxyType = 2;
			remoteGlobalIDString = 930964491D7C37CD00EBA9BE;
			remoteInfo = "PagedArray-tvOSTests";
		};
		9337ED411EE73E6700A15DCB /* PBXContainerItemProxy */ = {
			isa = PBXContainerItemProxy;
			containerPortal = 93BDA86D1AAB73DC00BAED02 /* PagedArray.xcodeproj */;
			proxyType = 2;
			remoteGlobalIDString = 930964601D7C3D0800EBA9BE;
			remoteInfo = "PagedArray-watchOS";
		};
		9337ED431EE73E6700A15DCB /* PBXContainerItemProxy */ = {
			isa = PBXContainerItemProxy;
			containerPortal = 93BDA86D1AAB73DC00BAED02 /* PagedArray.xcodeproj */;
			proxyType = 2;
			remoteGlobalIDString = 9309646F1D7C3EC800EBA9BE;
			remoteInfo = "PagedArray-macOS";
		};
		9337ED451EE73E6700A15DCB /* PBXContainerItemProxy */ = {
			isa = PBXContainerItemProxy;
			containerPortal = 93BDA86D1AAB73DC00BAED02 /* PagedArray.xcodeproj */;
			proxyType = 2;
			remoteGlobalIDString = 930964781D7C3EC800EBA9BE;
			remoteInfo = "PagedArray-macOSTests";
		};
		93BDA8721AAB73DC00BAED02 /* PBXContainerItemProxy */ = {
			isa = PBXContainerItemProxy;
			containerPortal = 93BDA86D1AAB73DC00BAED02 /* PagedArray.xcodeproj */;
			proxyType = 2;
			remoteGlobalIDString = 93C47CE81AA9E2D2006FF405;
			remoteInfo = PagedArray;
		};
		93BDA8741AAB73DC00BAED02 /* PBXContainerItemProxy */ = {
			isa = PBXContainerItemProxy;
			containerPortal = 93BDA86D1AAB73DC00BAED02 /* PagedArray.xcodeproj */;
			proxyType = 2;
			remoteGlobalIDString = 93C47CF31AA9E2D3006FF405;
			remoteInfo = PagedArrayTests;
		};
		93BDA8761AAB73EA00BAED02 /* PBXContainerItemProxy */ = {
			isa = PBXContainerItemProxy;
			containerPortal = 93BDA86D1AAB73DC00BAED02 /* PagedArray.xcodeproj */;
			proxyType = 1;
			remoteGlobalIDString = 93C47CE71AA9E2D2006FF405;
			remoteInfo = PagedArray;
		};
/* End PBXContainerItemProxy section */

/* Begin PBXFileReference section */
		93BDA8481AAB736600BAED02 /* PagedArrayExample.app */ = {isa = PBXFileReference; explicitFileType = wrapper.application; includeInIndex = 0; path = PagedArrayExample.app; sourceTree = BUILT_PRODUCTS_DIR; };
		93BDA84C1AAB736600BAED02 /* Info.plist */ = {isa = PBXFileReference; lastKnownFileType = text.plist.xml; path = Info.plist; sourceTree = "<group>"; };
		93BDA84D1AAB736600BAED02 /* AppDelegate.swift */ = {isa = PBXFileReference; lastKnownFileType = sourcecode.swift; path = AppDelegate.swift; sourceTree = "<group>"; };
		93BDA84F1AAB736600BAED02 /* ViewController.swift */ = {isa = PBXFileReference; lastKnownFileType = sourcecode.swift; path = ViewController.swift; sourceTree = "<group>"; };
		93BDA8521AAB736600BAED02 /* Base */ = {isa = PBXFileReference; lastKnownFileType = file.storyboard; name = Base; path = Base.lproj/Main.storyboard; sourceTree = "<group>"; };
		93BDA8541AAB736600BAED02 /* Images.xcassets */ = {isa = PBXFileReference; lastKnownFileType = folder.assetcatalog; path = Images.xcassets; sourceTree = "<group>"; };
		93BDA8571AAB736600BAED02 /* Base */ = {isa = PBXFileReference; lastKnownFileType = file.xib; name = Base; path = Base.lproj/LaunchScreen.xib; sourceTree = "<group>"; };
		93BDA86D1AAB73DC00BAED02 /* PagedArray.xcodeproj */ = {isa = PBXFileReference; lastKnownFileType = "wrapper.pb-project"; path = PagedArray.xcodeproj; sourceTree = "<group>"; };
/* End PBXFileReference section */

/* Begin PBXFrameworksBuildPhase section */
		93BDA8451AAB736600BAED02 /* Frameworks */ = {
			isa = PBXFrameworksBuildPhase;
			buildActionMask = 2147483647;
			files = (
				93BDA8781AAB73F000BAED02 /* PagedArray.framework in Frameworks */,
			);
			runOnlyForDeploymentPostprocessing = 0;
		};
/* End PBXFrameworksBuildPhase section */

/* Begin PBXGroup section */
		93BDA83F1AAB736600BAED02 = {
			isa = PBXGroup;
			children = (
				93BDA84A1AAB736600BAED02 /* PagedArrayExample */,
				93BDA8491AAB736600BAED02 /* Products */,
				93BDA86D1AAB73DC00BAED02 /* PagedArray.xcodeproj */,
			);
			sourceTree = "<group>";
		};
		93BDA8491AAB736600BAED02 /* Products */ = {
			isa = PBXGroup;
			children = (
				93BDA8481AAB736600BAED02 /* PagedArrayExample.app */,
			);
			name = Products;
			sourceTree = "<group>";
		};
		93BDA84A1AAB736600BAED02 /* PagedArrayExample */ = {
			isa = PBXGroup;
			children = (
				93BDA84D1AAB736600BAED02 /* AppDelegate.swift */,
				93BDA84F1AAB736600BAED02 /* ViewController.swift */,
				93BDA8511AAB736600BAED02 /* Main.storyboard */,
				93BDA8541AAB736600BAED02 /* Images.xcassets */,
				93BDA8561AAB736600BAED02 /* LaunchScreen.xib */,
				93BDA84B1AAB736600BAED02 /* Supporting Files */,
			);
			path = PagedArrayExample;
			sourceTree = "<group>";
		};
		93BDA84B1AAB736600BAED02 /* Supporting Files */ = {
			isa = PBXGroup;
			children = (
				93BDA84C1AAB736600BAED02 /* Info.plist */,
			);
			name = "Supporting Files";
			sourceTree = "<group>";
		};
		93BDA86E1AAB73DC00BAED02 /* Products */ = {
			isa = PBXGroup;
			children = (
				93BDA8731AAB73DC00BAED02 /* PagedArray.framework */,
				93BDA8751AAB73DC00BAED02 /* PagedArray-iOSTests.xctest */,
				9337ED3E1EE73E6700A15DCB /* PagedArray.framework */,
				9337ED401EE73E6700A15DCB /* PagedArray-tvOSTests.xctest */,
				9337ED421EE73E6700A15DCB /* PagedArray.framework */,
				9337ED441EE73E6700A15DCB /* PagedArray.framework */,
				9337ED461EE73E6700A15DCB /* PagedArray-macOSTests.xctest */,
			);
			name = Products;
			sourceTree = "<group>";
		};
/* End PBXGroup section */

/* Begin PBXNativeTarget section */
		93BDA8471AAB736600BAED02 /* PagedArrayExample */ = {
			isa = PBXNativeTarget;
			buildConfigurationList = 93BDA8671AAB736600BAED02 /* Build configuration list for PBXNativeTarget "PagedArrayExample" */;
			buildPhases = (
				93BDA8441AAB736600BAED02 /* Sources */,
				93BDA8451AAB736600BAED02 /* Frameworks */,
				93BDA8461AAB736600BAED02 /* Resources */,
			);
			buildRules = (
			);
			dependencies = (
				93BDA8771AAB73EA00BAED02 /* PBXTargetDependency */,
			);
			name = PagedArrayExample;
			productName = PagedArrayExample;
			productReference = 93BDA8481AAB736600BAED02 /* PagedArrayExample.app */;
			productType = "com.apple.product-type.application";
		};
/* End PBXNativeTarget section */

/* Begin PBXProject section */
		93BDA8401AAB736600BAED02 /* Project object */ = {
			isa = PBXProject;
			attributes = {
				LastSwiftUpdateCheck = 0700;
				LastUpgradeCheck = 0900;
				ORGANIZATIONNAME = "Apps and Wonders";
				TargetAttributes = {
					93BDA8471AAB736600BAED02 = {
						CreatedOnToolsVersion = 6.3;
						LastSwiftMigration = 0800;
					};
				};
			};
			buildConfigurationList = 93BDA8431AAB736600BAED02 /* Build configuration list for PBXProject "PagedArrayExample" */;
			compatibilityVersion = "Xcode 3.2";
			developmentRegion = English;
			hasScannedForEncodings = 0;
			knownRegions = (
				en,
				Base,
			);
			mainGroup = 93BDA83F1AAB736600BAED02;
			productRefGroup = 93BDA8491AAB736600BAED02 /* Products */;
			projectDirPath = "";
			projectReferences = (
				{
					ProductGroup = 93BDA86E1AAB73DC00BAED02 /* Products */;
					ProjectRef = 93BDA86D1AAB73DC00BAED02 /* PagedArray.xcodeproj */;
				},
			);
			projectRoot = "";
			targets = (
				93BDA8471AAB736600BAED02 /* PagedArrayExample */,
			);
		};
/* End PBXProject section */

/* Begin PBXReferenceProxy section */
		9337ED3E1EE73E6700A15DCB /* PagedArray.framework */ = {
			isa = PBXReferenceProxy;
			fileType = wrapper.framework;
			path = PagedArray.framework;
			remoteRef = 9337ED3D1EE73E6700A15DCB /* PBXContainerItemProxy */;
			sourceTree = BUILT_PRODUCTS_DIR;
		};
		9337ED401EE73E6700A15DCB /* PagedArray-tvOSTests.xctest */ = {
			isa = PBXReferenceProxy;
			fileType = wrapper.cfbundle;
			path = "PagedArray-tvOSTests.xctest";
			remoteRef = 9337ED3F1EE73E6700A15DCB /* PBXContainerItemProxy */;
			sourceTree = BUILT_PRODUCTS_DIR;
		};
		9337ED421EE73E6700A15DCB /* PagedArray.framework */ = {
			isa = PBXReferenceProxy;
			fileType = wrapper.framework;
			path = PagedArray.framework;
			remoteRef = 9337ED411EE73E6700A15DCB /* PBXContainerItemProxy */;
			sourceTree = BUILT_PRODUCTS_DIR;
		};
		9337ED441EE73E6700A15DCB /* PagedArray.framework */ = {
			isa = PBXReferenceProxy;
			fileType = wrapper.framework;
			path = PagedArray.framework;
			remoteRef = 9337ED431EE73E6700A15DCB /* PBXContainerItemProxy */;
			sourceTree = BUILT_PRODUCTS_DIR;
		};
		9337ED461EE73E6700A15DCB /* PagedArray-macOSTests.xctest */ = {
			isa = PBXReferenceProxy;
			fileType = wrapper.cfbundle;
			path = "PagedArray-macOSTests.xctest";
			remoteRef = 9337ED451EE73E6700A15DCB /* PBXContainerItemProxy */;
			sourceTree = BUILT_PRODUCTS_DIR;
		};
		93BDA8731AAB73DC00BAED02 /* PagedArray.framework */ = {
			isa = PBXReferenceProxy;
			fileType = wrapper.framework;
			path = PagedArray.framework;
			remoteRef = 93BDA8721AAB73DC00BAED02 /* PBXContainerItemProxy */;
			sourceTree = BUILT_PRODUCTS_DIR;
		};
		93BDA8751AAB73DC00BAED02 /* PagedArray-iOSTests.xctest */ = {
			isa = PBXReferenceProxy;
			fileType = wrapper.cfbundle;
			path = "PagedArray-iOSTests.xctest";
			remoteRef = 93BDA8741AAB73DC00BAED02 /* PBXContainerItemProxy */;
			sourceTree = BUILT_PRODUCTS_DIR;
		};
/* End PBXReferenceProxy section */

/* Begin PBXResourcesBuildPhase section */
		93BDA8461AAB736600BAED02 /* Resources */ = {
			isa = PBXResourcesBuildPhase;
			buildActionMask = 2147483647;
			files = (
				93BDA8531AAB736600BAED02 /* Main.storyboard in Resources */,
				93BDA8581AAB736600BAED02 /* LaunchScreen.xib in Resources */,
				93BDA8551AAB736600BAED02 /* Images.xcassets in Resources */,
			);
			runOnlyForDeploymentPostprocessing = 0;
		};
/* End PBXResourcesBuildPhase section */

/* Begin PBXSourcesBuildPhase section */
		93BDA8441AAB736600BAED02 /* Sources */ = {
			isa = PBXSourcesBuildPhase;
			buildActionMask = 2147483647;
			files = (
				93BDA8501AAB736600BAED02 /* ViewController.swift in Sources */,
				93BDA84E1AAB736600BAED02 /* AppDelegate.swift in Sources */,
			);
			runOnlyForDeploymentPostprocessing = 0;
		};
/* End PBXSourcesBuildPhase section */

/* Begin PBXTargetDependency section */
		93BDA8771AAB73EA00BAED02 /* PBXTargetDependency */ = {
			isa = PBXTargetDependency;
			name = PagedArray;
			targetProxy = 93BDA8761AAB73EA00BAED02 /* PBXContainerItemProxy */;
		};
/* End PBXTargetDependency section */

/* Begin PBXVariantGroup section */
		93BDA8511AAB736600BAED02 /* Main.storyboard */ = {
			isa = PBXVariantGroup;
			children = (
				93BDA8521AAB736600BAED02 /* Base */,
			);
			name = Main.storyboard;
			sourceTree = "<group>";
		};
		93BDA8561AAB736600BAED02 /* LaunchScreen.xib */ = {
			isa = PBXVariantGroup;
			children = (
				93BDA8571AAB736600BAED02 /* Base */,
			);
			name = LaunchScreen.xib;
			sourceTree = "<group>";
		};
/* End PBXVariantGroup section */

/* Begin XCBuildConfiguration section */
		93BDA8651AAB736600BAED02 /* Debug */ = {
			isa = XCBuildConfiguration;
			buildSettings = {
				ALWAYS_SEARCH_USER_PATHS = NO;
				CLANG_CXX_LANGUAGE_STANDARD = "gnu++0x";
				CLANG_CXX_LIBRARY = "libc++";
				CLANG_ENABLE_MODULES = YES;
				CLANG_ENABLE_OBJC_ARC = YES;
				CLANG_WARN_BLOCK_CAPTURE_AUTORELEASING = YES;
				CLANG_WARN_BOOL_CONVERSION = YES;
				CLANG_WARN_COMMA = YES;
				CLANG_WARN_CONSTANT_CONVERSION = YES;
				CLANG_WARN_DIRECT_OBJC_ISA_USAGE = YES_ERROR;
				CLANG_WARN_EMPTY_BODY = YES;
				CLANG_WARN_ENUM_CONVERSION = YES;
				CLANG_WARN_INFINITE_RECURSION = YES;
				CLANG_WARN_INT_CONVERSION = YES;
				CLANG_WARN_NON_LITERAL_NULL_CONVERSION = YES;
				CLANG_WARN_OBJC_LITERAL_CONVERSION = YES;
				CLANG_WARN_OBJC_ROOT_CLASS = YES_ERROR;
				CLANG_WARN_RANGE_LOOP_ANALYSIS = YES;
				CLANG_WARN_STRICT_PROTOTYPES = YES;
				CLANG_WARN_SUSPICIOUS_MOVE = YES;
				CLANG_WARN_UNREACHABLE_CODE = YES;
				CLANG_WARN__DUPLICATE_METHOD_MATCH = YES;
				"CODE_SIGN_IDENTITY[sdk=iphoneos*]" = "iPhone Developer";
				COPY_PHASE_STRIP = NO;
				DEBUG_INFORMATION_FORMAT = dwarf;
				ENABLE_STRICT_OBJC_MSGSEND = YES;
				ENABLE_TESTABILITY = YES;
				GCC_C_LANGUAGE_STANDARD = gnu99;
				GCC_DYNAMIC_NO_PIC = NO;
				GCC_NO_COMMON_BLOCKS = YES;
				GCC_OPTIMIZATION_LEVEL = 0;
				GCC_PREPROCESSOR_DEFINITIONS = (
					"DEBUG=1",
					"$(inherited)",
				);
				GCC_SYMBOLS_PRIVATE_EXTERN = NO;
				GCC_WARN_64_TO_32_BIT_CONVERSION = YES;
				GCC_WARN_ABOUT_RETURN_TYPE = YES_ERROR;
				GCC_WARN_UNDECLARED_SELECTOR = YES;
				GCC_WARN_UNINITIALIZED_AUTOS = YES_AGGRESSIVE;
				GCC_WARN_UNUSED_FUNCTION = YES;
				GCC_WARN_UNUSED_VARIABLE = YES;
				IPHONEOS_DEPLOYMENT_TARGET = 8.0;
				MTL_ENABLE_DEBUG_INFO = YES;
				ONLY_ACTIVE_ARCH = YES;
				SDKROOT = iphoneos;
				SWIFT_OPTIMIZATION_LEVEL = "-Onone";
				TARGETED_DEVICE_FAMILY = "1,2";
			};
			name = Debug;
		};
		93BDA8661AAB736600BAED02 /* Release */ = {
			isa = XCBuildConfiguration;
			buildSettings = {
				ALWAYS_SEARCH_USER_PATHS = NO;
				CLANG_CXX_LANGUAGE_STANDARD = "gnu++0x";
				CLANG_CXX_LIBRARY = "libc++";
				CLANG_ENABLE_MODULES = YES;
				CLANG_ENABLE_OBJC_ARC = YES;
				CLANG_WARN_BLOCK_CAPTURE_AUTORELEASING = YES;
				CLANG_WARN_BOOL_CONVERSION = YES;
				CLANG_WARN_COMMA = YES;
				CLANG_WARN_CONSTANT_CONVERSION = YES;
				CLANG_WARN_DIRECT_OBJC_ISA_USAGE = YES_ERROR;
				CLANG_WARN_EMPTY_BODY = YES;
				CLANG_WARN_ENUM_CONVERSION = YES;
				CLANG_WARN_INFINITE_RECURSION = YES;
				CLANG_WARN_INT_CONVERSION = YES;
				CLANG_WARN_NON_LITERAL_NULL_CONVERSION = YES;
				CLANG_WARN_OBJC_LITERAL_CONVERSION = YES;
				CLANG_WARN_OBJC_ROOT_CLASS = YES_ERROR;
				CLANG_WARN_RANGE_LOOP_ANALYSIS = YES;
				CLANG_WARN_STRICT_PROTOTYPES = YES;
				CLANG_WARN_SUSPICIOUS_MOVE = YES;
				CLANG_WARN_UNREACHABLE_CODE = YES;
				CLANG_WARN__DUPLICATE_METHOD_MATCH = YES;
				"CODE_SIGN_IDENTITY[sdk=iphoneos*]" = "iPhone Developer";
				COPY_PHASE_STRIP = NO;
				DEBUG_INFORMATION_FORMAT = "dwarf-with-dsym";
				ENABLE_NS_ASSERTIONS = NO;
				ENABLE_STRICT_OBJC_MSGSEND = YES;
				GCC_C_LANGUAGE_STANDARD = gnu99;
				GCC_NO_COMMON_BLOCKS = YES;
				GCC_WARN_64_TO_32_BIT_CONVERSION = YES;
				GCC_WARN_ABOUT_RETURN_TYPE = YES_ERROR;
				GCC_WARN_UNDECLARED_SELECTOR = YES;
				GCC_WARN_UNINITIALIZED_AUTOS = YES_AGGRESSIVE;
				GCC_WARN_UNUSED_FUNCTION = YES;
				GCC_WARN_UNUSED_VARIABLE = YES;
				IPHONEOS_DEPLOYMENT_TARGET = 8.0;
				MTL_ENABLE_DEBUG_INFO = NO;
				SDKROOT = iphoneos;
				TARGETED_DEVICE_FAMILY = "1,2";
				VALIDATE_PRODUCT = YES;
			};
			name = Release;
		};
		93BDA8681AAB736600BAED02 /* Debug */ = {
			isa = XCBuildConfiguration;
			buildSettings = {
				ASSETCATALOG_COMPILER_APPICON_NAME = AppIcon;
				INFOPLIST_FILE = PagedArrayExample/Info.plist;
				LD_RUNPATH_SEARCH_PATHS = "$(inherited) @executable_path/Frameworks";
				PRODUCT_BUNDLE_IDENTIFIER = "com.appsandwonders.$(PRODUCT_NAME:rfc1034identifier)";
				PRODUCT_NAME = "$(TARGET_NAME)";
				SWIFT_VERSION = 3.0;
			};
			name = Debug;
		};
		93BDA8691AAB736600BAED02 /* Release */ = {
			isa = XCBuildConfiguration;
			buildSettings = {
				ASSETCATALOG_COMPILER_APPICON_NAME = AppIcon;
				INFOPLIST_FILE = PagedArrayExample/Info.plist;
				LD_RUNPATH_SEARCH_PATHS = "$(inherited) @executable_path/Frameworks";
				PRODUCT_BUNDLE_IDENTIFIER = "com.appsandwonders.$(PRODUCT_NAME:rfc1034identifier)";
				PRODUCT_NAME = "$(TARGET_NAME)";
				SWIFT_OPTIMIZATION_LEVEL = "-Owholemodule";
				SWIFT_VERSION = 3.0;
			};
			name = Release;
		};
/* End XCBuildConfiguration section */

/* Begin XCConfigurationList section */
		93BDA8431AAB736600BAED02 /* Build configuration list for PBXProject "PagedArrayExample" */ = {
			isa = XCConfigurationList;
			buildConfigurations = (
				93BDA8651AAB736600BAED02 /* Debug */,
				93BDA8661AAB736600BAED02 /* Release */,
			);
			defaultConfigurationIsVisible = 0;
			defaultConfigurationName = Release;
		};
		93BDA8671AAB736600BAED02 /* Build configuration list for PBXNativeTarget "PagedArrayExample" */ = {
			isa = XCConfigurationList;
			buildConfigurations = (
				93BDA8681AAB736600BAED02 /* Debug */,
				93BDA8691AAB736600BAED02 /* Release */,
			);
			defaultConfigurationIsVisible = 0;
			defaultConfigurationName = Release;
		};
/* End XCConfigurationList section */
	};
	rootObject = 93BDA8401AAB736600BAED02 /* Project object */;
}
